{
  "name": "@foolbar/scissor",
  "version": "1.0.0",
  "lockfileVersion": 2,
  "requires": true,
  "packages": {
    "": {
      "name": "@foolbar/scissor",
      "version": "1.0.0",
      "license": "Apache-2.0",
      "dependencies": {
        "@foolbar/paper": "^2.6.2"
      }
    },
    "node_modules/@foolbar/paper": {
      "version": "2.6.2",
      "resolved": "https://registry.npmjs.org/@foolbar/paper/-/paper-2.6.2.tgz",
      "integrity": "sha512-szTumIxioWB5YoLkwNIlhweFOFXcU8dKlRTeSAt14JqPduW2os2dRRpE+a5eRYgqv+tvZpkh4jQDBE1fWZGNpg==",
      "dependencies": {
        "@foolbar/rock": "^0.2.13"
      }
    },
    "node_modules/@foolbar/rock": {
      "version": "0.2.13",
      "resolved": "https://registry.npmjs.org/@foolbar/rock/-/rock-0.2.13.tgz",
      "integrity": "sha512-mi1dFNjMwg2509nVSgvxPZQcQuQGl93K7kYyu3jyaRgO2dde7wH3ZK7r0yyAn339Ty+QoSiGVDuLa4S/lXR6gA=="
    }
  },
  "dependencies": {
    "@foolbar/paper": {
      "version": "2.6.2",
      "resolved": "https://registry.npmjs.org/@foolbar/paper/-/paper-2.6.2.tgz",
      "integrity": "sha512-szTumIxioWB5YoLkwNIlhweFOFXcU8dKlRTeSAt14JqPduW2os2dRRpE+a5eRYgqv+tvZpkh4jQDBE1fWZGNpg==",
      "requires": {
        "@foolbar/rock": "^0.2.13"
      }
    },
    "@foolbar/rock": {
      "version": "0.2.13",
      "resolved": "https://registry.npmjs.org/@foolbar/rock/-/rock-0.2.13.tgz",
      "integrity": "sha512-mi1dFNjMwg2509nVSgvxPZQcQuQGl93K7kYyu3jyaRgO2dde7wH3ZK7r0yyAn339Ty+QoSiGVDuLa4S/lXR6gA=="
    }
  }
}
